// !$*UTF8*$!
{
	archiveVersion = 1;
	classes = {
	};
	objectVersion = 46;
	objects = {

/* Begin PBXBuildFile section */
		95BB28791DD62ACC00EBDA11 /* main.m in Sources */ = {isa = PBXBuildFile; fileRef = 95BB28781DD62ACC00EBDA11 /* main.m */; };
		95BB287C1DD62ACC00EBDA11 /* AppDelegate.m in Sources */ = {isa = PBXBuildFile; fileRef = 95BB287B1DD62ACC00EBDA11 /* AppDelegate.m */; };
		95BB287F1DD62ACC00EBDA11 /* ViewController.m in Sources */ = {isa = PBXBuildFile; fileRef = 95BB287E1DD62ACC00EBDA11 /* ViewController.m */; };
		95BB28821DD62ACC00EBDA11 /* Main.storyboard in Resources */ = {isa = PBXBuildFile; fileRef = 95BB28801DD62ACC00EBDA11 /* Main.storyboard */; };
		95BB28841DD62ACC00EBDA11 /* Assets.xcassets in Resources */ = {isa = PBXBuildFile; fileRef = 95BB28831DD62ACC00EBDA11 /* Assets.xcassets */; };
		95BB28871DD62ACC00EBDA11 /* LaunchScreen.storyboard in Resources */ = {isa = PBXBuildFile; fileRef = 95BB28851DD62ACC00EBDA11 /* LaunchScreen.storyboard */; };
		95BB28901DD62C7900EBDA11 /* DrawingView.m in Sources */ = {isa = PBXBuildFile; fileRef = 95BB288F1DD62C7900EBDA11 /* DrawingView.m */; };
		95BB28931DD634E700EBDA11 /* LineManager.m in Sources */ = {isa = PBXBuildFile; fileRef = 95BB28921DD634E700EBDA11 /* LineManager.m */; };
/* End PBXBuildFile section */

/* Begin PBXFileReference section */
		95BB28741DD62ACC00EBDA11 /* FingerPaint.app */ = {isa = PBXFileReference; explicitFileType = wrapper.application; includeInIndex = 0; path = FingerPaint.app; sourceTree = BUILT_PRODUCTS_DIR; };
		95BB28781DD62ACC00EBDA11 /* main.m */ = {isa = PBXFileReference; lastKnownFileType = sourcecode.c.objc; path = main.m; sourceTree = "<group>"; };
		95BB287A1DD62ACC00EBDA11 /* AppDelegate.h */ = {isa = PBXFileReference; lastKnownFileType = sourcecode.c.h; path = AppDelegate.h; sourceTree = "<group>"; };
		95BB287B1DD62ACC00EBDA11 /* AppDelegate.m */ = {isa = PBXFileReference; lastKnownFileType = sourcecode.c.objc; path = AppDelegate.m; sourceTree = "<group>"; };
		95BB287D1DD62ACC00EBDA11 /* ViewController.h */ = {isa = PBXFileReference; lastKnownFileType = sourcecode.c.h; path = ViewController.h; sourceTree = "<group>"; };
		95BB287E1DD62ACC00EBDA11 /* ViewController.m */ = {isa = PBXFileReference; lastKnownFileType = sourcecode.c.objc; path = ViewController.m; sourceTree = "<group>"; };
		95BB28811DD62ACC00EBDA11 /* Base */ = {isa = PBXFileReference; lastKnownFileType = file.storyboard; name = Base; path = Base.lproj/Main.storyboard; sourceTree = "<group>"; };
		95BB28831DD62ACC00EBDA11 /* Assets.xcassets */ = {isa = PBXFileReference; lastKnownFileType = folder.assetcatalog; path = Assets.xcassets; sourceTree = "<group>"; };
		95BB28861DD62ACC00EBDA11 /* Base */ = {isa = PBXFileReference; lastKnownFileType = file.storyboard; name = Base; path = Base.lproj/LaunchScreen.storyboard; sourceTree = "<group>"; };
		95BB28881DD62ACC00EBDA11 /* Info.plist */ = {isa = PBXFileReference; lastKnownFileType = text.plist.xml; path = Info.plist; sourceTree = "<group>"; };
		95BB288E1DD62C7900EBDA11 /* DrawingView.h */ = {isa = PBXFileReference; fileEncoding = 4; lastKnownFileType = sourcecode.c.h; path = DrawingView.h; sourceTree = "<group>"; };
		95BB288F1DD62C7900EBDA11 /* DrawingView.m */ = {isa = PBXFileReference; fileEncoding = 4; lastKnownFileType = sourcecode.c.objc; path = DrawingView.m; sourceTree = "<group>"; };
		95BB28911DD634E700EBDA11 /* LineManager.h */ = {isa = PBXFileReference; fileEncoding = 4; lastKnownFileType = sourcecode.c.h; path = LineManager.h; sourceTree = "<group>"; };
		95BB28921DD634E700EBDA11 /* LineManager.m */ = {isa = PBXFileReference; fileEncoding = 4; lastKnownFileType = sourcecode.c.objc; path = LineManager.m; sourceTree = "<group>"; };
/* End PBXFileReference section */

/* Begin PBXFrameworksBuildPhase section */
		95BB28711DD62ACC00EBDA11 /* Frameworks */ = {
			isa = PBXFrameworksBuildPhase;
			buildActionMask = 2147483647;
			files = (
			);
			runOnlyForDeploymentPostprocessing = 0;
		};
/* End PBXFrameworksBuildPhase section */

/* Begin PBXGroup section */
		95BB286B1DD62ACC00EBDA11 = {
			isa = PBXGroup;
			children = (
				95BB28761DD62ACC00EBDA11 /* FingerPaint */,
				95BB28751DD62ACC00EBDA11 /* Products */,
			);
			sourceTree = "<group>";
		};
		95BB28751DD62ACC00EBDA11 /* Products */ = {
			isa = PBXGroup;
			children = (
				95BB28741DD62ACC00EBDA11 /* FingerPaint.app */,
			);
			name = Products;
			sourceTree = "<group>";
		};
		95BB28761DD62ACC00EBDA11 /* FingerPaint */ = {
			isa = PBXGroup;
			children = (
				95BB287A1DD62ACC00EBDA11 /* AppDelegate.h */,
				95BB287B1DD62ACC00EBDA11 /* AppDelegate.m */,
				95BB287D1DD62ACC00EBDA11 /* ViewController.h */,
				95BB287E1DD62ACC00EBDA11 /* ViewController.m */,
				95BB28801DD62ACC00EBDA11 /* Main.storyboard */,
				95BB288E1DD62C7900EBDA11 /* DrawingView.h */,
				95BB288F1DD62C7900EBDA11 /* DrawingView.m */,
				95BB28911DD634E700EBDA11 /* LineManager.h */,
				95BB28921DD634E700EBDA11 /* LineManager.m */,
				95BB28831DD62ACC00EBDA11 /* Assets.xcassets */,
				95BB28851DD62ACC00EBDA11 /* LaunchScreen.storyboard */,
				95BB28881DD62ACC00EBDA11 /* Info.plist */,
				95BB28771DD62ACC00EBDA11 /* Supporting Files */,
			);
			path = FingerPaint;
			sourceTree = "<group>";
		};
		95BB28771DD62ACC00EBDA11 /* Supporting Files */ = {
			isa = PBXGroup;
			children = (
				95BB28781DD62ACC00EBDA11 /* main.m */,
			);
			name = "Supporting Files";
			sourceTree = "<group>";
		};
/* End PBXGroup section */

/* Begin PBXNativeTarget section */
		95BB28731DD62ACC00EBDA11 /* FingerPaint */ = {
			isa = PBXNativeTarget;
			buildConfigurationList = 95BB288B1DD62ACC00EBDA11 /* Build configuration list for PBXNativeTarget "FingerPaint" */;
			buildPhases = (
				95BB28701DD62ACC00EBDA11 /* Sources */,
				95BB28711DD62ACC00EBDA11 /* Frameworks */,
				95BB28721DD62ACC00EBDA11 /* Resources */,
			);
			buildRules = (
			);
			dependencies = (
			);
			name = FingerPaint;
			productName = FingerPaint;
			productReference = 95BB28741DD62ACC00EBDA11 /* FingerPaint.app */;
			productType = "com.apple.product-type.application";
		};
/* End PBXNativeTarget section */

/* Begin PBXProject section */
		95BB286C1DD62ACC00EBDA11 /* Project object */ = {
			isa = PBXProject;
			attributes = {
				LastUpgradeCheck = 0800;
				ORGANIZATIONNAME = "Matthew Mauro";
				TargetAttributes = {
					95BB28731DD62ACC00EBDA11 = {
						CreatedOnToolsVersion = 8.0;
						DevelopmentTeam = G3KYTESUM8;
						ProvisioningStyle = Automatic;
					};
				};
			};
			buildConfigurationList = 95BB286F1DD62ACC00EBDA11 /* Build configuration list for PBXProject "FingerPaint" */;
			compatibilityVersion = "Xcode 3.2";
			developmentRegion = English;
			hasScannedForEncodings = 0;
			knownRegions = (
				en,
				Base,
			);
			mainGroup = 95BB286B1DD62ACC00EBDA11;
			productRefGroup = 95BB28751DD62ACC00EBDA11 /* Products */;
			projectDirPath = "";
			projectRoot = "";
			targets = (
				95BB28731DD62ACC00EBDA11 /* FingerPaint */,
			);
		};
/* End PBXProject section */

/* Begin PBXResourcesBuildPhase section */
		95BB28721DD62ACC00EBDA11 /* Resources */ = {
			isa = PBXResourcesBuildPhase;
			buildActionMask = 2147483647;
			files = (
				95BB28871DD62ACC00EBDA11 /* LaunchScreen.storyboard in Resources */,
				95BB28841DD62ACC00EBDA11 /* Assets.xcassets in Resources */,
				95BB28821DD62ACC00EBDA11 /* Main.storyboard in Resources */,
			);
			runOnlyForDeploymentPostprocessing = 0;
		};
/* End PBXResourcesBuildPhase section */

/* Begin PBXSourcesBuildPhase section */
		95BB28701DD62ACC00EBDA11 /* Sources */ = {
			isa = PBXSourcesBuildPhase;
			buildActionMask = 2147483647;
			files = (
				95BB28931DD634E700EBDA11 /* LineManager.m in Sources */,
				95BB287F1DD62ACC00EBDA11 /* ViewController.m in Sources */,
				95BB287C1DD62ACC00EBDA11 /* AppDelegate.m in Sources */,
				95BB28791DD62ACC00EBDA11 /* main.m in Sources */,
				95BB28901DD62C7900EBDA11 /* DrawingView.m in Sources */,
			);
			runOnlyForDeploymentPostprocessing = 0;
		};
/* End PBXSourcesBuildPhase section */

/* Begin PBXVariantGroup section */
		95BB28801DD62ACC00EBDA11 /* Main.storyboard */ = {
			isa = PBXVariantGroup;
			children = (
				95BB28811DD62ACC00EBDA11 /* Base */,
			);
			name = Main.storyboard;
			sourceTree = "<group>";
		};
		95BB28851DD62ACC00EBDA11 /* LaunchScreen.storyboard */ = {
			isa = PBXVariantGroup;
			children = (
				95BB28861DD62ACC00EBDA11 /* Base */,
			);
			name = LaunchScreen.storyboard;
			sourceTree = "<group>";
		};
/* End PBXVariantGroup section */

/* Begin XCBuildConfiguration section */
		95BB28891DD62ACC00EBDA11 /* Debug */ = {
			isa = XCBuildConfiguration;
			buildSettings = {
				ALWAYS_SEARCH_USER_PATHS = NO;
				CLANG_ANALYZER_NONNULL = YES;
				CLANG_CXX_LANGUAGE_STANDARD = "gnu++0x";
				CLANG_CXX_LIBRARY = "libc++";
				CLANG_ENABLE_MODULES = YES;
				CLANG_ENABLE_OBJC_ARC = YES;
				CLANG_WARN_BOOL_CONVERSION = YES;
				CLANG_WARN_CONSTANT_CONVERSION = YES;
				CLANG_WARN_DIRECT_OBJC_ISA_USAGE = YES_ERROR;
				CLANG_WARN_DOCUMENTATION_COMMENTS = YES;
				CLANG_WARN_EMPTY_BODY = YES;
				CLANG_WARN_ENUM_CONVERSION = YES;
				CLANG_WARN_INFINITE_RECURSION = YES;
				CLANG_WARN_INT_CONVERSION = YES;
				CLANG_WARN_OBJC_ROOT_CLASS = YES_ERROR;
				CLANG_WARN_SUSPICIOUS_MOVES = YES;
				CLANG_WARN_UNREACHABLE_CODE = YES;
				CLANG_WARN__DUPLICATE_METHOD_MATCH = YES;
				"CODE_SIGN_IDENTITY[sdk=iphoneos*]" = "iPhone Developer";
				COPY_PHASE_STRIP = NO;
				DEBUG_INFORMATION_FORMAT = dwarf;
				ENABLE_STRICT_OBJC_MSGSEND = YES;
				ENABLE_TESTABILITY = YES;
				GCC_C_LANGUAGE_STANDARD = gnu99;
				GCC_DYNAMIC_NO_PIC = NO;
				GCC_NO_COMMON_BLOCKS = YES;
				GCC_OPTIMIZATION_LEVEL = 0;
				GCC_PREPROCESSOR_DEFINITIONS = (
					"DEBUG=1",
					"$(inherited)",
				);
				GCC_WARN_64_TO_32_BIT_CONVERSION = YES;
				GCC_WARN_ABOUT_RETURN_TYPE = YES_ERROR;
				GCC_WARN_UNDECLARED_SELECTOR = YES;
				GCC_WARN_UNINITIALIZED_AUTOS = YES_AGGRESSIVE;
				GCC_WARN_UNUSED_FUNCTION = YES;
				GCC_WARN_UNUSED_VARIABLE = YES;
				IPHONEOS_DEPLOYMENT_TARGET = 10.0;
				MTL_ENABLE_DEBUG_INFO = YES;
				ONLY_ACTIVE_ARCH = YES;
				SDKROOT = iphoneos;
			};
			name = Debug;
		};
		95BB288A1DD62ACC00EBDA11 /* Release */ = {
			isa = XCBuildConfiguration;
			buildSettings = {
				ALWAYS_SEARCH_USER_PATHS = NO;
				CLANG_ANALYZER_NONNULL = YES;
				CLANG_CXX_LANGUAGE_STANDARD = "gnu++0x";
				CLANG_CXX_LIBRARY = "libc++";
				CLANG_ENABLE_MODULES = YES;
				CLANG_ENABLE_OBJC_ARC = YES;
				CLANG_WARN_BOOL_CONVERSION = YES;
				CLANG_WARN_CONSTANT_CONVERSION = YES;
				CLANG_WARN_DIRECT_OBJC_ISA_USAGE = YES_ERROR;
				CLANG_WARN_DOCUMENTATION_COMMENTS = YES;
				CLANG_WARN_EMPTY_BODY = YES;
				CLANG_WARN_ENUM_CONVERSION = YES;
				CLANG_WARN_INFINITE_RECURSION = YES;
				CLANG_WARN_INT_CONVERSION = YES;
				CLANG_WARN_OBJC_ROOT_CLASS = YES_ERROR;
				CLANG_WARN_SUSPICIOUS_MOVES = YES;
				CLANG_WARN_UNREACHABLE_CODE = YES;
				CLANG_WARN__DUPLICATE_METHOD_MATCH = YES;
				"CODE_SIGN_IDENTITY[sdk=iphoneos*]" = "iPhone Developer";
				COPY_PHASE_STRIP = NO;
				DEBUG_INFORMATION_FORMAT = "dwarf-with-dsym";
				ENABLE_NS_ASSERTIONS = NO;
				ENABLE_STRICT_OBJC_MSGSEND = YES;
				GCC_C_LANGUAGE_STANDARD = gnu99;
				GCC_NO_COMMON_BLOCKS = YES;
				GCC_WARN_64_TO_32_BIT_CONVERSION = YES;
				GCC_WARN_ABOUT_RETURN_TYPE = YES_ERROR;
				GCC_WARN_UNDECLARED_SELECTOR = YES;
				GCC_WARN_UNINITIALIZED_AUTOS = YES_AGGRESSIVE;
				GCC_WARN_UNUSED_FUNCTION = YES;
				GCC_WARN_UNUSED_VARIABLE = YES;
				IPHONEOS_DEPLOYMENT_TARGET = 10.0;
				MTL_ENABLE_DEBUG_INFO = NO;
				SDKROOT = iphoneos;
				VALIDATE_PRODUCT = YES;
			};
			name = Release;
		};
		95BB288C1DD62ACC00EBDA11 /* Debug */ = {
			isa = XCBuildConfiguration;
			buildSettings = {
				ASSETCATALOG_COMPILER_APPICON_NAME = AppIcon;
				DEVELOPMENT_TEAM = G3KYTESUM8;
				INFOPLIST_FILE = FingerPaint/Info.plist;
				LD_RUNPATH_SEARCH_PATHS = "$(inherited) @executable_path/Frameworks";
				PRODUCT_BUNDLE_IDENTIFIER = kurokakari.FingerPaint;
				PRODUCT_NAME = "$(TARGET_NAME)";
			};
			name = Debug;
		};
		95BB288D1DD62ACC00EBDA11 /* Release */ = {
			isa = XCBuildConfiguration;
			buildSettings = {
				ASSETCATALOG_COMPILER_APPICON_NAME = AppIcon;
				DEVELOPMENT_TEAM = G3KYTESUM8;
				INFOPLIST_FILE = FingerPaint/Info.plist;
				LD_RUNPATH_SEARCH_PATHS = "$(inherited) @executable_path/Frameworks";
				PRODUCT_BUNDLE_IDENTIFIER = kurokakari.FingerPaint;
				PRODUCT_NAME = "$(TARGET_NAME)";
			};
			name = Release;
		};
/* End XCBuildConfiguration section */

/* Begin XCConfigurationList section */
		95BB286F1DD62ACC00EBDA11 /* Build configuration list for PBXProject "FingerPaint" */ = {
			isa = XCConfigurationList;
			buildConfigurations = (
				95BB28891DD62ACC00EBDA11 /* Debug */,
				95BB288A1DD62ACC00EBDA11 /* Release */,
			);
			defaultConfigurationIsVisible = 0;
			defaultConfigurationName = Release;
		};
		95BB288B1DD62ACC00EBDA11 /* Build configuration list for PBXNativeTarget "FingerPaint" */ = {
			isa = XCConfigurationList;
			buildConfigurations = (
				95BB288C1DD62ACC00EBDA11 /* Debug */,
				95BB288D1DD62ACC00EBDA11 /* Release */,
			);
			defaultConfigurationIsVisible = 0;
		};
/* End XCConfigurationList section */
	};
	rootObject = 95BB286C1DD62ACC00EBDA11 /* Project object */;
}
